
Microsoft Visual Studio Solution File, Format Version 12.00
# Visual Studio Version 17
VisualStudioVersion = 17.5.002.0
MinimumVisualStudioVersion = 10.0.40219.1
Project("{9A19103F-16F7-4668-BE54-9A1E7A4F7556}") = "BestStoreMVC", "BestStoreMVC.csproj", "{0173AF5E-14E4-4466-BEEE-64DD09245F80}"
EndProject
Global
	GlobalSection(SolutionConfigurationPlatforms) = preSolution
		Debug|Any CPU = Debug|Any CPU
		Release|Any CPU = Release|Any CPU
	EndGlobalSection
	GlobalSection(ProjectConfigurationPlatforms) = postSolution
		{0173AF5E-14E4-4466-BEEE-64DD09245F80}.Debug|Any CPU.ActiveCfg = Debug|Any CPU
		{0173AF5E-14E4-4466-BEEE-64DD09245F80}.Debug|Any CPU.Build.0 = Debug|Any CPU
		{0173AF5E-14E4-4466-BEEE-64DD09245F80}.Release|Any CPU.ActiveCfg = Release|Any CPU
		{0173AF5E-14E4-4466-BEEE-64DD09245F80}.Release|Any CPU.Build.0 = Release|Any CPU
	EndGlobalSection
	GlobalSection(SolutionProperties) = preSolution
		HideSolutionNode = FALSE
	EndGlobalSection
	GlobalSection(ExtensibilityGlobals) = postSolution
		SolutionGuid = {AFB6E81F-2D7B-4BA1-8137-63CFE342B0A8}
	EndGlobalSection
EndGlobal
